
Microsoft Visual Studio Solution File, Format Version 12.00
# Visual Studio 15
VisualStudioVersion = 15.0.28307.489
MinimumVisualStudioVersion = 10.0.40219.1
Project("{FAE04EC0-301F-11D3-BF4B-00C04F79EFBC}") = "HalloAsync", "HalloAsync\HalloAsync.csproj", "{7026DFFD-56DD-478B-9FA3-42FD780C14D0}"
EndProject
Global
	GlobalSection(SolutionConfigurationPlatforms) = preSolution
		Debug|Any CPU = Debug|Any CPU
		Release|Any CPU = Release|Any CPU
	EndGlobalSection
	GlobalSection(ProjectConfigurationPlatforms) = postSolution
		{7026DFFD-56DD-478B-9FA3-42FD780C14D0}.Debug|Any CPU.ActiveCfg = Debug|Any CPU
		{7026DFFD-56DD-478B-9FA3-42FD780C14D0}.Debug|Any CPU.Build.0 = Debug|Any CPU
		{7026DFFD-56DD-478B-9FA3-42FD780C14D0}.Release|Any CPU.ActiveCfg = Release|Any CPU
		{7026DFFD-56DD-478B-9FA3-42FD780C14D0}.Release|Any CPU.Build.0 = Release|Any CPU
	EndGlobalSection
	GlobalSection(SolutionProperties) = preSolution
		HideSolutionNode = FALSE
	EndGlobalSection
	GlobalSection(ExtensibilityGlobals) = postSolution
		SolutionGuid = {AEA7DD59-9779-4BF6-95F3-CFEF0FFC95DB}
	EndGlobalSection
EndGlobal
